# THIS IS AN AUTOGENERATED FILE. DO NOT EDIT THIS FILE DIRECTLY.
# yarn lockfile v1


"@fortawesome/fontawesome-free@^5.15.3":
  version "5.15.3"
  resolved "https://registry.yarnpkg.com/@fortawesome/fontawesome-free/-/fontawesome-free-5.15.3.tgz#c36ffa64a2a239bf948541a97b6ae8d729e09a9a"
  integrity sha512-rFnSUN/QOtnOAgqFRooTA3H57JLDm0QEG/jPdk+tLQNL/eWd+Aok8g3qCI+Q1xuDPWpGW/i9JySpJVsq8Q0s9w==

bulma-quickview@^2.0.0:
  version "2.0.0"
  resolved "https://registry.yarnpkg.com/bulma-quickview/-/bulma-quickview-2.0.0.tgz#ac85d6cc23f98bd4b4be5cef11e9524554d2bbf3"
  integrity sha512-EJq9XYcJ+pG94FIYgw9AI2NoRDRjQX/Iua0H3iIJq4C3D+4sVOCg/Y+I7gd/G0v7fez/qvKX/S+91UZqaTmXSQ==
